# THIS IS AN AUTOGENERATED FILE. DO NOT EDIT THIS FILE DIRECTLY.
# yarn lockfile v1


"@actions/core@^1.7.0":
  version "1.7.0"
  resolved "https://registry.yarnpkg.com/@actions/core/-/core-1.7.0.tgz#f179a5a0bf5c1102d89b8cf1712825e763feaee4"
  integrity sha512-7fPSS7yKOhTpgLMbw7lBLc1QJWvJBBAgyTX2PEhagWcKK8t0H8AKCoPMfnrHqIm5cRYH4QFPqD1/ruhuUE7YcQ==
  dependencies:
    "@actions/http-client" "^1.0.11"

"@actions/http-client@^1.0.11":
  version "1.0.11"
  resolved "https://registry.yarnpkg.com/@actions/http-client/-/http-client-1.0.11.tgz#c58b12e9aa8b159ee39e7dd6cbd0e91d905633c0"
  integrity sha512-VRYHGQV1rqnROJqdMvGUbY/Kn8vriQe/F9HR2AlYHzmKuM/p3kjNuXhmdBfcVgsvRWTz5C5XW5xvndZrVBuAYg==
  dependencies:
    tunnel "0.0.6"

indento@^1.1.13:
  version "1.1.13"
  resolved "https://registry.yarnpkg.com/indento/-/indento-1.1.13.tgz#751331b327c04740eeb7be40c5606e6e255c9e36"
  integrity sha512-YZWk3mreBEM7sBPddsiQnW9Z8SGg/gNpFfscJq00HCDS7pxcQWWWMSVKJU7YkTRyDu1Zv2s8zaK8gQWKmCXHlg==

json2md@^1.12.0:
  version "1.12.0"
  resolved "https://registry.yarnpkg.com/json2md/-/json2md-1.12.0.tgz#3ac0a2f8f5af140d6f29d91ab1107ca696305165"
  integrity sha512-bpJpuqECzkndCa10aGPxeJNikmkDN7PAGXHvrBGTI4uey6QbTL5p0rkhk9lB3lKU4J7yGvkSmVBt8VhzUGu/fA==
  dependencies:
    indento "^1.1.13"

tunnel@0.0.6:
  version "0.0.6"
  resolved "https://registry.yarnpkg.com/tunnel/-/tunnel-0.0.6.tgz#72f1314b34a5b192db012324df2cc587ca47f92c"
  integrity sha512-1h/Lnq9yajKY2PEbBadPXj3VxsDDu844OnaAo52UVmIzIvwwtBPIuNvkjuzBlTWpfJyUbG3ez0KSBibQkj4ojg==
